# DNFfile.lock - Metadata for packages in DNFfile
# Auto-generated by dnf-bundle add
# Do not edit manually

"# DNFfile - Package management for Fedora": {"type": "dnf"},
"# Format: pkgname": {"type": "dnf"},
"# Lines starting with # are comments": {"type": "dnf"},
"ImageMagick": {"type": "dnf"},
"curl": {"type": "dnf"},
"direnv": {"type": "dnf"},
"duf": {"type": "dnf"},
"ffmpeg": {"type": "dnf"},
"fzf": {"type": "dnf"},
"gcc": {"type": "dnf"},
"gcc-c++": {"type": "dnf"},
"git": {"type": "dnf"},
"git-lfs": {"type": "dnf"},
"gmp": {"type": "dnf"},
"gmp-devel": {"type": "dnf"},
"gnupg": {"type": "dnf"},
"go": {"type": "dnf"},
"gofumpt": {"type": "dnf"},
"goimports": {"type": "dnf"},
"golangci-lint": {"type": "dnf"},
"gopls": {"type": "dnf"},
"htop": {"type": "dnf"},
"jq": {"type": "dnf"},
"make": {"type": "dnf"},
"ncurses": {"type": "dnf"},
"ncurses-compat-libs": {"type": "dnf"},
"neovim": {"type": "dnf"},
"optipng": {"type": "dnf"},
"perl": {"type": "dnf"},
"postgresql-server": {"type": "dnf"},
"valkey": {"type": "dnf"},
"ripgrep": {"type": "dnf"},
"shellcheck": {"type": "dnf"},
"tmux": {"type": "dnf"},
"vim": {"type": "dnf"},
"xz": {"type": "dnf"},
"# Copr packages (syntax: copr "repo" "pkg")": {"type": "dnf"},
"# Fonts": {"type": "dnf"},
"jetbrains-mono-fonts-all": {"type": "dnf"},
"# Flatpak packages (syntax: flatpak "app-id")": {"type": "dnf"},
"ghostty": {"type": "copr", "repo": "scottames/ghostty"},
"asusctl": {"type": "copr", "repo": "lukenukem/asus-linux"},
"zellij": {"type": "copr", "repo": "varlad/zellij"},
"com.discordapp.Discord": {"type": "flatpak"},
"com.slack.Slack": {"type": "flatpak"},
