{
  "nodes": {
    "carlos": {
      "inputs": {
        "nixpkgs": [
          "nixpkgs"
        ]
      },
      "locked": {
        "lastModified": 1763166610,
        "narHash": "sha256-V1bd4AMADpQ9bWGIPyciIkOukAwM5aacyOA4X8LrQdE=",
        "owner": "caarlos0",
        "repo": "nur",
        "rev": "3187c6a6cdc10cf9541e9f6ce23b14bfc653f50b",
        "type": "github"
      },
      "original": {
        "owner": "caarlos0",
        "repo": "nur",
        "type": "github"
      }
    },
    "charm": {
      "inputs": {
        "nixpkgs": [
          "nixpkgs"
        ]
      },
      "locked": {
        "lastModified": 1763063780,
        "narHash": "sha256-W3J6CVGWitjQAdYVURdi4o8P2ZE1iELdjEFEnpoSDL0=",
        "owner": "charmbracelet",
        "repo": "nur",
        "rev": "6812be155afbeba845de815dcde93ebbbd7868b0",
        "type": "github"
      },
      "original": {
        "owner": "charmbracelet",
        "repo": "nur",
        "type": "github"
      }
    },
    "home-manager": {
      "inputs": {
        "nixpkgs": "nixpkgs"
      },
      "locked": {
        "lastModified": 1763313531,
        "narHash": "sha256-yvdCYUL85zEDp2NzPUBmaNBXP6KnWEOhAk3j7PTfsKw=",
        "owner": "nix-community",
        "repo": "home-manager",
        "rev": "3670a78eee49deebe4825fc8ecc46b172d1a8391",
        "type": "github"
      },
      "original": {
        "owner": "nix-community",
        "repo": "home-manager",
        "type": "github"
      }
    },
    "nixpkgs": {
      "locked": {
        "lastModified": 1762111121,
        "narHash": "sha256-4vhDuZ7OZaZmKKrnDpxLZZpGIJvAeMtK6FKLJYUtAdw=",
        "owner": "NixOS",
        "repo": "nixpkgs",
        "rev": "b3d51a0365f6695e7dd5cdf3e180604530ed33b4",
        "type": "github"
      },
      "original": {
        "owner": "NixOS",
        "ref": "nixos-unstable",
        "repo": "nixpkgs",
        "type": "github"
      }
    },
    "nixpkgs_2": {
      "locked": {
        "lastModified": 1763191728,
        "narHash": "sha256-esRhOS0APE6k40Hs/jjReXg+rx+J5LkWw7cuWFKlwYA=",
        "owner": "NixOS",
        "repo": "nixpkgs",
        "rev": "1d4c88323ac36805d09657d13a5273aea1b34f0c",
        "type": "github"
      },
      "original": {
        "id": "nixpkgs",
        "type": "indirect"
      }
    },
    "root": {
      "inputs": {
        "carlos": "carlos",
        "charm": "charm",
        "home-manager": "home-manager",
        "nixpkgs": "nixpkgs_2"
      }
    }
  },
  "root": "root",
  "version": 7
}
