{
  "nodes": {
    "homeManager": {
      "inputs": {
        "nixpkgs": [
          "nixpkgs"
        ],
        "utils": "utils"
      },
      "locked": {
        "lastModified": 1669044918,
        "narHash": "sha256-Lg5gOmmVlaYKhN2QM6qeZL3HOjbshms2+CJyc+ALt64=",
        "owner": "nix-community",
        "repo": "home-manager",
        "rev": "433e8de330fd9c157b636f9ccea45e3eeaf69ad2",
        "type": "github"
      },
      "original": {
        "owner": "nix-community",
        "repo": "home-manager",
        "type": "github"
      }
    },
    "nixpkgs": {
      "locked": {
        "lastModified": 1669029319,
        "narHash": "sha256-EdTqXZ/xBk7xjSCPGNbL0WnoWHEkYjwe78C6gZoUC0E=",
        "owner": "NixOS",
        "repo": "nixpkgs",
        "rev": "79bb815a1cdc789f6b036d2047e217ab3e989fff",
        "type": "github"
      },
      "original": {
        "id": "nixpkgs",
        "type": "indirect"
      }
    },
    "root": {
      "inputs": {
        "homeManager": "homeManager",
        "nixpkgs": "nixpkgs"
      }
    },
    "utils": {
      "locked": {
        "lastModified": 1667395993,
        "narHash": "sha256-nuEHfE/LcWyuSWnS8t12N1wc105Qtau+/OdUAjtQ0rA=",
        "owner": "numtide",
        "repo": "flake-utils",
        "rev": "5aed5285a952e0b949eb3ba02c12fa4fcfef535f",
        "type": "github"
      },
      "original": {
        "owner": "numtide",
        "repo": "flake-utils",
        "type": "github"
      }
    }
  },
  "root": "root",
  "version": 7
}
