# @generated - this file is auto-generated by `mise lock` https://mise.en.dev/dev-tools/mise-lock.html

[[tools.jj]]
version = "0.42.0"
backend = "aqua:jj-vcs/jj"

[tools.jj."platforms.linux-arm64"]
checksum = "sha256:bc962ac57ec264541a62ed8492f080898380a277222b115e1ed96163196e6fc8"
url = "https://github.com/jj-vcs/jj/releases/download/v0.42.0/jj-v0.42.0-aarch64-unknown-linux-musl.tar.gz"

[tools.jj."platforms.linux-arm64-musl"]
checksum = "sha256:bc962ac57ec264541a62ed8492f080898380a277222b115e1ed96163196e6fc8"
url = "https://github.com/jj-vcs/jj/releases/download/v0.42.0/jj-v0.42.0-aarch64-unknown-linux-musl.tar.gz"

[tools.jj."platforms.linux-x64"]
checksum = "sha256:2d91e81d649e617a81608e7401ad1106029c15ece01ac928c4a351abef42be6a"
url = "https://github.com/jj-vcs/jj/releases/download/v0.42.0/jj-v0.42.0-x86_64-unknown-linux-musl.tar.gz"

[tools.jj."platforms.linux-x64-musl"]
checksum = "sha256:2d91e81d649e617a81608e7401ad1106029c15ece01ac928c4a351abef42be6a"
url = "https://github.com/jj-vcs/jj/releases/download/v0.42.0/jj-v0.42.0-x86_64-unknown-linux-musl.tar.gz"

[tools.jj."platforms.macos-arm64"]
checksum = "sha256:98764966f22b599dc0b19bb9bd00d21df86156aeca5827f8274900356768db08"
url = "https://github.com/jj-vcs/jj/releases/download/v0.42.0/jj-v0.42.0-aarch64-apple-darwin.tar.gz"

[tools.jj."platforms.macos-x64"]
checksum = "sha256:ec04669e9b8decb4b0d63dc050a4275d2b5422efea502a0c208ebd4e53e7d053"
url = "https://github.com/jj-vcs/jj/releases/download/v0.42.0/jj-v0.42.0-x86_64-apple-darwin.tar.gz"

[tools.jj."platforms.windows-x64"]
checksum = "sha256:866461102d87fb49fc67e6e76682635683963eb9fdd05264edda5f1c894d85a6"
url = "https://github.com/jj-vcs/jj/releases/download/v0.42.0/jj-v0.42.0-x86_64-pc-windows-msvc.zip"
