# @generated - this file is auto-generated by `mise lock` https://mise.en.dev/dev-tools/mise-lock.html

[[tools.glow]]
version = "3.0.0"
backend = "aqua:charmbracelet/glow"

[tools.glow."platforms.linux-arm64"]
checksum = "sha256:810c39f4691feb75e675a5f5f54b9fa091354e7599d9cf9c9fc9b97e47a99759"
url = "https://github.com/charmbracelet/glow/releases/download/v3.0.0/glow_3.0.0_Linux_arm64.tar.gz"
url_api = "https://api.github.com/repos/charmbracelet/glow/releases/assets/510466976"
provenance = "cosign"

[tools.glow."platforms.linux-arm64-musl"]
checksum = "sha256:810c39f4691feb75e675a5f5f54b9fa091354e7599d9cf9c9fc9b97e47a99759"
url = "https://github.com/charmbracelet/glow/releases/download/v3.0.0/glow_3.0.0_Linux_arm64.tar.gz"
url_api = "https://api.github.com/repos/charmbracelet/glow/releases/assets/510466976"
provenance = "cosign"

[tools.glow."platforms.linux-x64"]
checksum = "sha256:13e05e4b2acc18d2aee44291aefe6325b077ec321b631a0cfa780e8e3bc33f78"
url = "https://github.com/charmbracelet/glow/releases/download/v3.0.0/glow_3.0.0_Linux_x86_64.tar.gz"
url_api = "https://api.github.com/repos/charmbracelet/glow/releases/assets/510466923"
provenance = "cosign"

[tools.glow."platforms.linux-x64-musl"]
checksum = "sha256:13e05e4b2acc18d2aee44291aefe6325b077ec321b631a0cfa780e8e3bc33f78"
url = "https://github.com/charmbracelet/glow/releases/download/v3.0.0/glow_3.0.0_Linux_x86_64.tar.gz"
url_api = "https://api.github.com/repos/charmbracelet/glow/releases/assets/510466923"
provenance = "cosign"

[tools.glow."platforms.macos-arm64"]
checksum = "sha256:4b8a9a32412c0525e4c239e65171706fc5beb6d423608d99fe16788d47b345d3"
url = "https://github.com/charmbracelet/glow/releases/download/v3.0.0/glow_3.0.0_Darwin_arm64.tar.gz"
url_api = "https://api.github.com/repos/charmbracelet/glow/releases/assets/510466964"
provenance = "cosign"

[tools.glow."platforms.macos-x64"]
checksum = "sha256:b911b90622e686d44bc072112898584a601ed8353276b735835d8cdbcc27f660"
url = "https://github.com/charmbracelet/glow/releases/download/v3.0.0/glow_3.0.0_Darwin_x86_64.tar.gz"
url_api = "https://api.github.com/repos/charmbracelet/glow/releases/assets/510466986"
provenance = "cosign"

[tools.glow."platforms.windows-x64"]
checksum = "sha256:d8907e07436ecbb6738bc0e3bbf8aa6159e351f95082e9db3c3fc4200086f809"
url = "https://github.com/charmbracelet/glow/releases/download/v3.0.0/glow_3.0.0_Windows_x86_64.zip"
url_api = "https://api.github.com/repos/charmbracelet/glow/releases/assets/510466927"
provenance = "cosign"

[[tools.gum]]
version = "0.17.0"
backend = "aqua:charmbracelet/gum"

[tools.gum."platforms.linux-arm64"]
checksum = "sha256:b0b9ed95cbf7c8b7073f17b9591811f5c001e33c7cfd066ca83ce8a07c576f9c"
url = "https://github.com/charmbracelet/gum/releases/download/v0.17.0/gum_0.17.0_Linux_arm64.tar.gz"
url_api = "https://api.github.com/repos/charmbracelet/gum/releases/assets/290080957"

[tools.gum."platforms.linux-arm64-musl"]
checksum = "sha256:b0b9ed95cbf7c8b7073f17b9591811f5c001e33c7cfd066ca83ce8a07c576f9c"
url = "https://github.com/charmbracelet/gum/releases/download/v0.17.0/gum_0.17.0_Linux_arm64.tar.gz"
url_api = "https://api.github.com/repos/charmbracelet/gum/releases/assets/290080957"

[tools.gum."platforms.linux-x64"]
checksum = "sha256:69ee169bd6387331928864e94d47ed01ef649fbfe875baed1bbf27b5377a6fdb"
url = "https://github.com/charmbracelet/gum/releases/download/v0.17.0/gum_0.17.0_Linux_x86_64.tar.gz"
url_api = "https://api.github.com/repos/charmbracelet/gum/releases/assets/290080949"

[tools.gum."platforms.linux-x64-musl"]
checksum = "sha256:69ee169bd6387331928864e94d47ed01ef649fbfe875baed1bbf27b5377a6fdb"
url = "https://github.com/charmbracelet/gum/releases/download/v0.17.0/gum_0.17.0_Linux_x86_64.tar.gz"
url_api = "https://api.github.com/repos/charmbracelet/gum/releases/assets/290080949"

[tools.gum."platforms.macos-arm64"]
checksum = "sha256:e2a4b8596efa05821d8c58d0c1afbcd7ad1699ba69c689cc3ff23a4a99c8b237"
url = "https://github.com/charmbracelet/gum/releases/download/v0.17.0/gum_0.17.0_Darwin_arm64.tar.gz"
url_api = "https://api.github.com/repos/charmbracelet/gum/releases/assets/290080948"

[tools.gum."platforms.macos-x64"]
checksum = "sha256:cd66576aeebe6cd19c771863c7e8d696e0e1d5387d1e7075666baa67c2052e53"
url = "https://github.com/charmbracelet/gum/releases/download/v0.17.0/gum_0.17.0_Darwin_x86_64.tar.gz"
url_api = "https://api.github.com/repos/charmbracelet/gum/releases/assets/290080970"

[tools.gum."platforms.windows-x64"]
checksum = "sha256:b2be80531c6babc8d4e0e6ca95773d58118a2e1582ae006aace08dbc55503072"
url = "https://github.com/charmbracelet/gum/releases/download/v0.17.0/gum_0.17.0_Windows_x86_64.zip"
url_api = "https://api.github.com/repos/charmbracelet/gum/releases/assets/290080922"

[[tools.herdr]]
version = "0.8.0"
backend = "aqua:herdrdev/herdr"

[tools.herdr."platforms.linux-arm64"]
checksum = "sha256:f647ac66468d9efbc642fe534fb284468f0aea60641606fc008dfc0d82a3ca87"
url = "https://github.com/herdrdev/herdr/releases/download/v0.8.0/herdr-linux-aarch64"
url_api = "https://api.github.com/repos/herdrdev/herdr/releases/assets/500422627"

[tools.herdr."platforms.linux-arm64-musl"]
checksum = "sha256:f647ac66468d9efbc642fe534fb284468f0aea60641606fc008dfc0d82a3ca87"
url = "https://github.com/herdrdev/herdr/releases/download/v0.8.0/herdr-linux-aarch64"
url_api = "https://api.github.com/repos/herdrdev/herdr/releases/assets/500422627"

[tools.herdr."platforms.linux-x64"]
checksum = "sha256:b872ea7e40fa2cb17e857ac9b62b1bf26db7b403c622f5d2f3f5b35f6e9acd28"
url = "https://github.com/herdrdev/herdr/releases/download/v0.8.0/herdr-linux-x86_64"
url_api = "https://api.github.com/repos/herdrdev/herdr/releases/assets/500422625"

[tools.herdr."platforms.linux-x64-musl"]
checksum = "sha256:b872ea7e40fa2cb17e857ac9b62b1bf26db7b403c622f5d2f3f5b35f6e9acd28"
url = "https://github.com/herdrdev/herdr/releases/download/v0.8.0/herdr-linux-x86_64"
url_api = "https://api.github.com/repos/herdrdev/herdr/releases/assets/500422625"

[tools.herdr."platforms.macos-arm64"]
checksum = "sha256:d53a9f93fccfdfcc55632927bf51002f5add0aa7990bcdf508ffbd84ac658178"
url = "https://github.com/herdrdev/herdr/releases/download/v0.8.0/herdr-macos-aarch64"
url_api = "https://api.github.com/repos/herdrdev/herdr/releases/assets/500422629"

[tools.herdr."platforms.macos-x64"]
checksum = "sha256:77cb5afd6c8fcaaaf3bc28e474ec01c209331ad08094e20d7f8aa9b0bb78d649"
url = "https://github.com/herdrdev/herdr/releases/download/v0.8.0/herdr-macos-x86_64"
url_api = "https://api.github.com/repos/herdrdev/herdr/releases/assets/500422626"

[[tools.jj]]
version = "0.44.0"
backend = "aqua:jj-vcs/jj"

[tools.jj."platforms.linux-arm64"]
checksum = "sha256:60d42fa2a9abaa445eff10cd2087458562aaad5a54b90309e5a3787ecc985ff2"
url = "https://github.com/jj-vcs/jj/releases/download/v0.44.0/jj-v0.44.0-aarch64-unknown-linux-musl.tar.gz"
url_api = "https://api.github.com/repos/jj-vcs/jj/releases/assets/503321893"

[tools.jj."platforms.linux-arm64-musl"]
checksum = "sha256:60d42fa2a9abaa445eff10cd2087458562aaad5a54b90309e5a3787ecc985ff2"
url = "https://github.com/jj-vcs/jj/releases/download/v0.44.0/jj-v0.44.0-aarch64-unknown-linux-musl.tar.gz"
url_api = "https://api.github.com/repos/jj-vcs/jj/releases/assets/503321893"

[tools.jj."platforms.linux-x64"]
checksum = "sha256:0a07bab4641a55fd2bc2fd1563ba3a3f9a577584086ad74086a1c5b69b3ffce9"
url = "https://github.com/jj-vcs/jj/releases/download/v0.44.0/jj-v0.44.0-x86_64-unknown-linux-musl.tar.gz"
url_api = "https://api.github.com/repos/jj-vcs/jj/releases/assets/503322619"

[tools.jj."platforms.linux-x64-musl"]
checksum = "sha256:0a07bab4641a55fd2bc2fd1563ba3a3f9a577584086ad74086a1c5b69b3ffce9"
url = "https://github.com/jj-vcs/jj/releases/download/v0.44.0/jj-v0.44.0-x86_64-unknown-linux-musl.tar.gz"
url_api = "https://api.github.com/repos/jj-vcs/jj/releases/assets/503322619"

[tools.jj."platforms.macos-arm64"]
checksum = "sha256:22b92ed109378a9638f0ae55ca7a7bdc9ef26aa60124215a1f04f6808623ba94"
url = "https://github.com/jj-vcs/jj/releases/download/v0.44.0/jj-v0.44.0-aarch64-apple-darwin.tar.gz"
url_api = "https://api.github.com/repos/jj-vcs/jj/releases/assets/503324615"

[tools.jj."platforms.macos-x64"]
checksum = "sha256:aaec25cbe08e52ba98db0773369c76f248d3a77578e2d4b7b4079aa335ef02a3"
url = "https://github.com/jj-vcs/jj/releases/download/v0.44.0/jj-v0.44.0-x86_64-apple-darwin.tar.gz"
url_api = "https://api.github.com/repos/jj-vcs/jj/releases/assets/503324834"

[tools.jj."platforms.windows-x64"]
checksum = "sha256:a33732415db40e84f43c911b04751cf88aa2c7a5d12ea86bec3ac18f23f463fd"
url = "https://github.com/jj-vcs/jj/releases/download/v0.44.0/jj-v0.44.0-x86_64-pc-windows-msvc.zip"
url_api = "https://api.github.com/repos/jj-vcs/jj/releases/assets/503327752"

[[tools.ruff]]
version = "0.16.2"
backend = "aqua:astral-sh/ruff"

[tools.ruff."platforms.linux-arm64"]
checksum = "sha256:7cc696f9d89cfeef02167301feedfc3017061fe45df3688b4f3589cde90a1139"
url = "https://github.com/astral-sh/ruff/releases/download/0.16.2/ruff-aarch64-unknown-linux-musl.tar.gz"
url_api = "https://api.github.com/repos/astral-sh/ruff/releases/assets/505191631"
provenance = "github-attestations"

[tools.ruff."platforms.linux-arm64-musl"]
checksum = "sha256:7cc696f9d89cfeef02167301feedfc3017061fe45df3688b4f3589cde90a1139"
url = "https://github.com/astral-sh/ruff/releases/download/0.16.2/ruff-aarch64-unknown-linux-musl.tar.gz"
url_api = "https://api.github.com/repos/astral-sh/ruff/releases/assets/505191631"
provenance = "github-attestations"

[tools.ruff."platforms.linux-x64"]
checksum = "sha256:df690c6a80a7c41b6f1154dd0b5dfc152a209cafa06ffd3d4ff30f9751f4965c"
url = "https://github.com/astral-sh/ruff/releases/download/0.16.2/ruff-x86_64-unknown-linux-musl.tar.gz"
url_api = "https://api.github.com/repos/astral-sh/ruff/releases/assets/505191732"
provenance = "github-attestations"

[tools.ruff."platforms.linux-x64-musl"]
checksum = "sha256:df690c6a80a7c41b6f1154dd0b5dfc152a209cafa06ffd3d4ff30f9751f4965c"
url = "https://github.com/astral-sh/ruff/releases/download/0.16.2/ruff-x86_64-unknown-linux-musl.tar.gz"
url_api = "https://api.github.com/repos/astral-sh/ruff/releases/assets/505191732"
provenance = "github-attestations"

[tools.ruff."platforms.macos-arm64"]
checksum = "sha256:fbf6cbc23d254b0bc03a6fb2b1b04efb917fe5ce068d027e735ce7ed65b9bed6"
url = "https://github.com/astral-sh/ruff/releases/download/0.16.2/ruff-aarch64-apple-darwin.tar.gz"
url_api = "https://api.github.com/repos/astral-sh/ruff/releases/assets/505191610"
provenance = "github-attestations"

[tools.ruff."platforms.macos-x64"]
checksum = "sha256:6648fa7a7c95b087c5b9d269d8b9a567fae091bdef3993f77cc7531a01bd7266"
url = "https://github.com/astral-sh/ruff/releases/download/0.16.2/ruff-x86_64-apple-darwin.tar.gz"
url_api = "https://api.github.com/repos/astral-sh/ruff/releases/assets/505191712"
provenance = "github-attestations"

[tools.ruff."platforms.windows-x64"]
checksum = "sha256:84d2c6761bef8a299156bd24559aa1499024041b378dcb5e70ee85f7df12b1af"
url = "https://github.com/astral-sh/ruff/releases/download/0.16.2/ruff-x86_64-pc-windows-msvc.zip"
url_api = "https://api.github.com/repos/astral-sh/ruff/releases/assets/505191722"
provenance = "github-attestations"

[[tools.ty]]
version = "0.0.70"
backend = "aqua:astral-sh/ty"

[tools.ty."platforms.linux-arm64"]
checksum = "sha256:ec079305775cbb7efc1a1911f219b4c9aeb9ee00c367674f370cdf8a908436d2"
url = "https://github.com/astral-sh/ty/releases/download/0.0.70/ty-aarch64-unknown-linux-musl.tar.gz"
url_api = "https://api.github.com/repos/astral-sh/ty/releases/assets/509390348"
provenance = "github-attestations"

[tools.ty."platforms.linux-arm64-musl"]
checksum = "sha256:ec079305775cbb7efc1a1911f219b4c9aeb9ee00c367674f370cdf8a908436d2"
url = "https://github.com/astral-sh/ty/releases/download/0.0.70/ty-aarch64-unknown-linux-musl.tar.gz"
url_api = "https://api.github.com/repos/astral-sh/ty/releases/assets/509390348"
provenance = "github-attestations"

[tools.ty."platforms.linux-x64"]
checksum = "sha256:0f465b5795f95955b754cda20af330944a525a201f75a7e490bcc2e238bd594f"
url = "https://github.com/astral-sh/ty/releases/download/0.0.70/ty-x86_64-unknown-linux-musl.tar.gz"
url_api = "https://api.github.com/repos/astral-sh/ty/releases/assets/509390419"
provenance = "github-attestations"

[tools.ty."platforms.linux-x64-musl"]
checksum = "sha256:0f465b5795f95955b754cda20af330944a525a201f75a7e490bcc2e238bd594f"
url = "https://github.com/astral-sh/ty/releases/download/0.0.70/ty-x86_64-unknown-linux-musl.tar.gz"
url_api = "https://api.github.com/repos/astral-sh/ty/releases/assets/509390419"
provenance = "github-attestations"

[tools.ty."platforms.macos-arm64"]
checksum = "sha256:50076094d3ebbf98749ac395b9fb6fcc25cb9ba84a419ca9d5956e221b37302a"
url = "https://github.com/astral-sh/ty/releases/download/0.0.70/ty-aarch64-apple-darwin.tar.gz"
url_api = "https://api.github.com/repos/astral-sh/ty/releases/assets/509390331"
provenance = "github-attestations"

[tools.ty."platforms.macos-x64"]
checksum = "sha256:4ebfac284659a7050b24e97ba0575a2d66dbb62190015f1275c78706a4d089f3"
url = "https://github.com/astral-sh/ty/releases/download/0.0.70/ty-x86_64-apple-darwin.tar.gz"
url_api = "https://api.github.com/repos/astral-sh/ty/releases/assets/509390394"
provenance = "github-attestations"

[tools.ty."platforms.windows-x64"]
checksum = "sha256:2d3106a79aa2bcd7c631a6af48583070847cf2e75ab96f34ad6e56e3b7e51499"
url = "https://github.com/astral-sh/ty/releases/download/0.0.70/ty-x86_64-pc-windows-msvc.zip"
url_api = "https://api.github.com/repos/astral-sh/ty/releases/assets/509390404"
provenance = "github-attestations"
